
Microsoft Visual Studio Solution File, Format Version 12.00
# Visual Studio 15
VisualStudioVersion = 15.0.27205.0
MinimumVisualStudioVersion = 10.0.40219.1
Project("{FAE04EC0-301F-11D3-BF4B-00C04F79EFBC}") = "01_1", "01_1\01_1.csproj", "{D1ED980D-591A-4CE5-BC39-A3832B6BF002}"
EndProject
Project("{FAE04EC0-301F-11D3-BF4B-00C04F79EFBC}") = "01_2", "01_2\01_2.csproj", "{6B4F2D43-F24E-4B51-8198-607D3813EDB0}"
EndProject
Project("{FAE04EC0-301F-11D3-BF4B-00C04F79EFBC}") = "02_1", "02_1\02_1.csproj", "{428B99E9-F110-4F3A-BC82-A1DA8DD38CC8}"
EndProject
Project("{FAE04EC0-301F-11D3-BF4B-00C04F79EFBC}") = "02_2", "02_2\02_2.csproj", "{F5762DBE-5821-4875-AE21-CF1EF806E716}"
EndProject
Project("{FAE04EC0-301F-11D3-BF4B-00C04F79EFBC}") = "03_1", "03_1\03_1.csproj", "{EE6CE0AD-43E5-4570-BB5B-436900CD8F16}"
EndProject
Project("{FAE04EC0-301F-11D3-BF4B-00C04F79EFBC}") = "03_2", "03_2\03_2.csproj", "{F4F5B5E7-B1C7-4361-B421-2310C4D71E62}"
EndProject
Project("{FAE04EC0-301F-11D3-BF4B-00C04F79EFBC}") = "04_1", "04_1\04_1.csproj", "{9F01EE31-2102-4EFB-AED0-040B11B48A38}"
EndProject
Project("{FAE04EC0-301F-11D3-BF4B-00C04F79EFBC}") = "04_2", "04_2\04_2.csproj", "{FBE54C59-976E-4993-9CC7-B4C0C309E33C}"
EndProject
Project("{FAE04EC0-301F-11D3-BF4B-00C04F79EFBC}") = "05_1", "05_1\05_1.csproj", "{74C3F82F-75AB-495C-AE60-96DA09D15FC0}"
EndProject
Project("{FAE04EC0-301F-11D3-BF4B-00C04F79EFBC}") = "05_2", "05_2\05_2.csproj", "{58091BE2-934A-49CA-BCA8-911CC0F1FEB0}"
EndProject
Project("{FAE04EC0-301F-11D3-BF4B-00C04F79EFBC}") = "06_1", "06_1\06_1.csproj", "{4E88D17F-A357-46C5-BBE9-38014D9867C8}"
EndProject
Project("{FAE04EC0-301F-11D3-BF4B-00C04F79EFBC}") = "06_2", "06_2\06_2.csproj", "{5FE70D59-BA61-437A-9CA9-60F11F44A5AB}"
EndProject
Project("{FAE04EC0-301F-11D3-BF4B-00C04F79EFBC}") = "07_1", "07_1\07_1.csproj", "{699D14A0-1C49-4256-B793-3A06D1DAA30B}"
EndProject
Project("{FAE04EC0-301F-11D3-BF4B-00C04F79EFBC}") = "07_2", "07_2\07_2.csproj", "{8CD54DC3-16C6-4E02-A15E-4B1312D69030}"
EndProject
Project("{FAE04EC0-301F-11D3-BF4B-00C04F79EFBC}") = "08_1", "08_1\08_1.csproj", "{047FF34F-94FC-4C85-A2A8-36BC2F1F5135}"
EndProject
Project("{FAE04EC0-301F-11D3-BF4B-00C04F79EFBC}") = "08_2", "08_2\08_2.csproj", "{0767F66D-DA0A-4616-B519-E42A66A0A818}"
EndProject
Project("{FAE04EC0-301F-11D3-BF4B-00C04F79EFBC}") = "09_1", "09_1\09_1.csproj", "{BCB878E6-D7BB-4109-8134-34C341D376CC}"
EndProject
Project("{FAE04EC0-301F-11D3-BF4B-00C04F79EFBC}") = "09_2", "09_2\09_2.csproj", "{6F5CCF6D-6BD8-4E25-893E-9E51FC7761B5}"
EndProject
Project("{FAE04EC0-301F-11D3-BF4B-00C04F79EFBC}") = "10_1", "10_1\10_1.csproj", "{C8E27E69-EE06-4A60-8FA8-D9E9F0B6F2AD}"
EndProject
Project("{FAE04EC0-301F-11D3-BF4B-00C04F79EFBC}") = "10_2", "10_2\10_2.csproj", "{21E9A801-5C09-4A14-8A23-535551BAFA99}"
EndProject
Project("{FAE04EC0-301F-11D3-BF4B-00C04F79EFBC}") = "11_1", "11_1\11_1.csproj", "{90CE3EED-F7D3-4625-A81B-F79F53166EF6}"
EndProject
Project("{FAE04EC0-301F-11D3-BF4B-00C04F79EFBC}") = "11_2", "11_2\11_2.csproj", "{87295AFE-1C14-4584-BA80-0470854A39F9}"
EndProject
Project("{FAE04EC0-301F-11D3-BF4B-00C04F79EFBC}") = "12_1", "12_1\12_1.csproj", "{8CE4660E-593F-4DA9-B073-FAD35AA66EE8}"
EndProject
Project("{FAE04EC0-301F-11D3-BF4B-00C04F79EFBC}") = "12_2", "12_2\12_2.csproj", "{F7280C41-CECE-4339-AAF6-E63FAA4275BB}"
EndProject
Project("{FAE04EC0-301F-11D3-BF4B-00C04F79EFBC}") = "13_1", "13_1\13_1.csproj", "{61BF52E3-4F09-4790-8121-1D27A2826F98}"
EndProject
Project("{FAE04EC0-301F-11D3-BF4B-00C04F79EFBC}") = "13_2", "13_2\13_2.csproj", "{7E3CBC88-4B53-4FEA-8D15-C539F49B6E87}"
EndProject
Project("{FAE04EC0-301F-11D3-BF4B-00C04F79EFBC}") = "14_1", "14_1\14_1.csproj", "{A42A1F43-DCA0-4F76-9157-D47D250668F8}"
EndProject
Project("{FAE04EC0-301F-11D3-BF4B-00C04F79EFBC}") = "14_2", "14_2\14_2.csproj", "{F7B5C2F9-9E6D-41AA-B053-7D05B27AAEA7}"
EndProject
Project("{FAE04EC0-301F-11D3-BF4B-00C04F79EFBC}") = "15_1", "15_1\15_1.csproj", "{B4338CE3-EB32-4944-B532-32301398B83C}"
EndProject
Project("{FAE04EC0-301F-11D3-BF4B-00C04F79EFBC}") = "15_2", "15_2\15_2.csproj", "{03F98730-FCFF-4BCD-B2D5-53A6AB35CE25}"
EndProject
Project("{FAE04EC0-301F-11D3-BF4B-00C04F79EFBC}") = "16_1", "16_1\16_1.csproj", "{94DC0EE9-12CE-4300-9BC7-46E41EED1C10}"
EndProject
Project("{FAE04EC0-301F-11D3-BF4B-00C04F79EFBC}") = "16_2", "16_2\16_2.csproj", "{4361D6EF-B53C-4990-9F91-1CB94D713E5D}"
EndProject
Project("{FAE04EC0-301F-11D3-BF4B-00C04F79EFBC}") = "17_1", "17_1\17_1.csproj", "{1ED06DC9-5AB7-4E9C-9714-DC85D266EC51}"
EndProject
Project("{FAE04EC0-301F-11D3-BF4B-00C04F79EFBC}") = "17_2", "17_2\17_2.csproj", "{37D9481B-DA58-49CB-87D5-256F6B4B9930}"
EndProject
Project("{FAE04EC0-301F-11D3-BF4B-00C04F79EFBC}") = "18_1", "18_1\18_1.csproj", "{6291B0ED-56C1-4E7C-A434-5DEA9F00385C}"
EndProject
Project("{FAE04EC0-301F-11D3-BF4B-00C04F79EFBC}") = "18_2", "18_2\18_2.csproj", "{C6721DD1-A500-4FA7-9E6E-ABE3174F36E8}"
EndProject
Project("{FAE04EC0-301F-11D3-BF4B-00C04F79EFBC}") = "19_1", "19_1\19_1.csproj", "{67E1D6BC-C779-44C6-99F1-ACEFDB74E064}"
EndProject
Project("{FAE04EC0-301F-11D3-BF4B-00C04F79EFBC}") = "19_2", "19_2\19_2.csproj", "{7222DB7B-1B48-4119-9A1D-1EA1CF27A6B8}"
EndProject
Project("{FAE04EC0-301F-11D3-BF4B-00C04F79EFBC}") = "20_1", "20_1\20_1.csproj", "{06D9A52D-9F54-4808-BCBA-A6FBCBDEB331}"
EndProject
Project("{FAE04EC0-301F-11D3-BF4B-00C04F79EFBC}") = "20_2", "20_2\20_2.csproj", "{5BC69052-F143-4B19-B08C-BF7131F18A04}"
EndProject
Global
	GlobalSection(SolutionConfigurationPlatforms) = preSolution
		Debug|Any CPU = Debug|Any CPU
		Release|Any CPU = Release|Any CPU
	EndGlobalSection
	GlobalSection(ProjectConfigurationPlatforms) = postSolution
		{D1ED980D-591A-4CE5-BC39-A3832B6BF002}.Debug|Any CPU.ActiveCfg = Debug|Any CPU
		{D1ED980D-591A-4CE5-BC39-A3832B6BF002}.Debug|Any CPU.Build.0 = Debug|Any CPU
		{D1ED980D-591A-4CE5-BC39-A3832B6BF002}.Release|Any CPU.ActiveCfg = Release|Any CPU
		{D1ED980D-591A-4CE5-BC39-A3832B6BF002}.Release|Any CPU.Build.0 = Release|Any CPU
		{6B4F2D43-F24E-4B51-8198-607D3813EDB0}.Debug|Any CPU.ActiveCfg = Debug|Any CPU
		{6B4F2D43-F24E-4B51-8198-607D3813EDB0}.Debug|Any CPU.Build.0 = Debug|Any CPU
		{6B4F2D43-F24E-4B51-8198-607D3813EDB0}.Release|Any CPU.ActiveCfg = Release|Any CPU
		{6B4F2D43-F24E-4B51-8198-607D3813EDB0}.Release|Any CPU.Build.0 = Release|Any CPU
		{428B99E9-F110-4F3A-BC82-A1DA8DD38CC8}.Debug|Any CPU.ActiveCfg = Debug|Any CPU
		{428B99E9-F110-4F3A-BC82-A1DA8DD38CC8}.Debug|Any CPU.Build.0 = Debug|Any CPU
		{428B99E9-F110-4F3A-BC82-A1DA8DD38CC8}.Release|Any CPU.ActiveCfg = Release|Any CPU
		{428B99E9-F110-4F3A-BC82-A1DA8DD38CC8}.Release|Any CPU.Build.0 = Release|Any CPU
		{F5762DBE-5821-4875-AE21-CF1EF806E716}.Debug|Any CPU.ActiveCfg = Debug|Any CPU
		{F5762DBE-5821-4875-AE21-CF1EF806E716}.Debug|Any CPU.Build.0 = Debug|Any CPU
		{F5762DBE-5821-4875-AE21-CF1EF806E716}.Release|Any CPU.ActiveCfg = Release|Any CPU
		{F5762DBE-5821-4875-AE21-CF1EF806E716}.Release|Any CPU.Build.0 = Release|Any CPU
		{EE6CE0AD-43E5-4570-BB5B-436900CD8F16}.Debug|Any CPU.ActiveCfg = Debug|Any CPU
		{EE6CE0AD-43E5-4570-BB5B-436900CD8F16}.Debug|Any CPU.Build.0 = Debug|Any CPU
		{EE6CE0AD-43E5-4570-BB5B-436900CD8F16}.Release|Any CPU.ActiveCfg = Release|Any CPU
		{EE6CE0AD-43E5-4570-BB5B-436900CD8F16}.Release|Any CPU.Build.0 = Release|Any CPU
		{F4F5B5E7-B1C7-4361-B421-2310C4D71E62}.Debug|Any CPU.ActiveCfg = Debug|Any CPU
		{F4F5B5E7-B1C7-4361-B421-2310C4D71E62}.Debug|Any CPU.Build.0 = Debug|Any CPU
		{F4F5B5E7-B1C7-4361-B421-2310C4D71E62}.Release|Any CPU.ActiveCfg = Release|Any CPU
		{F4F5B5E7-B1C7-4361-B421-2310C4D71E62}.Release|Any CPU.Build.0 = Release|Any CPU
		{9F01EE31-2102-4EFB-AED0-040B11B48A38}.Debug|Any CPU.ActiveCfg = Debug|Any CPU
		{9F01EE31-2102-4EFB-AED0-040B11B48A38}.Debug|Any CPU.Build.0 = Debug|Any CPU
		{9F01EE31-2102-4EFB-AED0-040B11B48A38}.Release|Any CPU.ActiveCfg = Release|Any CPU
		{9F01EE31-2102-4EFB-AED0-040B11B48A38}.Release|Any CPU.Build.0 = Release|Any CPU
		{FBE54C59-976E-4993-9CC7-B4C0C309E33C}.Debug|Any CPU.ActiveCfg = Debug|Any CPU
		{FBE54C59-976E-4993-9CC7-B4C0C309E33C}.Debug|Any CPU.Build.0 = Debug|Any CPU
		{FBE54C59-976E-4993-9CC7-B4C0C309E33C}.Release|Any CPU.ActiveCfg = Release|Any CPU
		{FBE54C59-976E-4993-9CC7-B4C0C309E33C}.Release|Any CPU.Build.0 = Release|Any CPU
		{74C3F82F-75AB-495C-AE60-96DA09D15FC0}.Debug|Any CPU.ActiveCfg = Debug|Any CPU
		{74C3F82F-75AB-495C-AE60-96DA09D15FC0}.Debug|Any CPU.Build.0 = Debug|Any CPU
		{74C3F82F-75AB-495C-AE60-96DA09D15FC0}.Release|Any CPU.ActiveCfg = Release|Any CPU
		{74C3F82F-75AB-495C-AE60-96DA09D15FC0}.Release|Any CPU.Build.0 = Release|Any CPU
		{58091BE2-934A-49CA-BCA8-911CC0F1FEB0}.Debug|Any CPU.ActiveCfg = Debug|Any CPU
		{58091BE2-934A-49CA-BCA8-911CC0F1FEB0}.Debug|Any CPU.Build.0 = Debug|Any CPU
		{58091BE2-934A-49CA-BCA8-911CC0F1FEB0}.Release|Any CPU.ActiveCfg = Release|Any CPU
		{58091BE2-934A-49CA-BCA8-911CC0F1FEB0}.Release|Any CPU.Build.0 = Release|Any CPU
		{4E88D17F-A357-46C5-BBE9-38014D9867C8}.Debug|Any CPU.ActiveCfg = Debug|Any CPU
		{4E88D17F-A357-46C5-BBE9-38014D9867C8}.Debug|Any CPU.Build.0 = Debug|Any CPU
		{4E88D17F-A357-46C5-BBE9-38014D9867C8}.Release|Any CPU.ActiveCfg = Release|Any CPU
		{4E88D17F-A357-46C5-BBE9-38014D9867C8}.Release|Any CPU.Build.0 = Release|Any CPU
		{5FE70D59-BA61-437A-9CA9-60F11F44A5AB}.Debug|Any CPU.ActiveCfg = Debug|Any CPU
		{5FE70D59-BA61-437A-9CA9-60F11F44A5AB}.Debug|Any CPU.Build.0 = Debug|Any CPU
		{5FE70D59-BA61-437A-9CA9-60F11F44A5AB}.Release|Any CPU.ActiveCfg = Release|Any CPU
		{5FE70D59-BA61-437A-9CA9-60F11F44A5AB}.Release|Any CPU.Build.0 = Release|Any CPU
		{699D14A0-1C49-4256-B793-3A06D1DAA30B}.Debug|Any CPU.ActiveCfg = Debug|Any CPU
		{699D14A0-1C49-4256-B793-3A06D1DAA30B}.Debug|Any CPU.Build.0 = Debug|Any CPU
		{699D14A0-1C49-4256-B793-3A06D1DAA30B}.Release|Any CPU.ActiveCfg = Release|Any CPU
		{699D14A0-1C49-4256-B793-3A06D1DAA30B}.Release|Any CPU.Build.0 = Release|Any CPU
		{8CD54DC3-16C6-4E02-A15E-4B1312D69030}.Debug|Any CPU.ActiveCfg = Debug|Any CPU
		{8CD54DC3-16C6-4E02-A15E-4B1312D69030}.Debug|Any CPU.Build.0 = Debug|Any CPU
		{8CD54DC3-16C6-4E02-A15E-4B1312D69030}.Release|Any CPU.ActiveCfg = Release|Any CPU
		{8CD54DC3-16C6-4E02-A15E-4B1312D69030}.Release|Any CPU.Build.0 = Release|Any CPU
		{047FF34F-94FC-4C85-A2A8-36BC2F1F5135}.Debug|Any CPU.ActiveCfg = Debug|Any CPU
		{047FF34F-94FC-4C85-A2A8-36BC2F1F5135}.Debug|Any CPU.Build.0 = Debug|Any CPU
		{047FF34F-94FC-4C85-A2A8-36BC2F1F5135}.Release|Any CPU.ActiveCfg = Release|Any CPU
		{047FF34F-94FC-4C85-A2A8-36BC2F1F5135}.Release|Any CPU.Build.0 = Release|Any CPU
		{0767F66D-DA0A-4616-B519-E42A66A0A818}.Debug|Any CPU.ActiveCfg = Debug|Any CPU
		{0767F66D-DA0A-4616-B519-E42A66A0A818}.Debug|Any CPU.Build.0 = Debug|Any CPU
		{0767F66D-DA0A-4616-B519-E42A66A0A818}.Release|Any CPU.ActiveCfg = Release|Any CPU
		{0767F66D-DA0A-4616-B519-E42A66A0A818}.Release|Any CPU.Build.0 = Release|Any CPU
		{BCB878E6-D7BB-4109-8134-34C341D376CC}.Debug|Any CPU.ActiveCfg = Debug|Any CPU
		{BCB878E6-D7BB-4109-8134-34C341D376CC}.Debug|Any CPU.Build.0 = Debug|Any CPU
		{BCB878E6-D7BB-4109-8134-34C341D376CC}.Release|Any CPU.ActiveCfg = Release|Any CPU
		{BCB878E6-D7BB-4109-8134-34C341D376CC}.Release|Any CPU.Build.0 = Release|Any CPU
		{6F5CCF6D-6BD8-4E25-893E-9E51FC7761B5}.Debug|Any CPU.ActiveCfg = Debug|Any CPU
		{6F5CCF6D-6BD8-4E25-893E-9E51FC7761B5}.Debug|Any CPU.Build.0 = Debug|Any CPU
		{6F5CCF6D-6BD8-4E25-893E-9E51FC7761B5}.Release|Any CPU.ActiveCfg = Release|Any CPU
		{6F5CCF6D-6BD8-4E25-893E-9E51FC7761B5}.Release|Any CPU.Build.0 = Release|Any CPU
		{C8E27E69-EE06-4A60-8FA8-D9E9F0B6F2AD}.Debug|Any CPU.ActiveCfg = Debug|Any CPU
		{C8E27E69-EE06-4A60-8FA8-D9E9F0B6F2AD}.Debug|Any CPU.Build.0 = Debug|Any CPU
		{C8E27E69-EE06-4A60-8FA8-D9E9F0B6F2AD}.Release|Any CPU.ActiveCfg = Release|Any CPU
		{C8E27E69-EE06-4A60-8FA8-D9E9F0B6F2AD}.Release|Any CPU.Build.0 = Release|Any CPU
		{21E9A801-5C09-4A14-8A23-535551BAFA99}.Debug|Any CPU.ActiveCfg = Debug|Any CPU
		{21E9A801-5C09-4A14-8A23-535551BAFA99}.Debug|Any CPU.Build.0 = Debug|Any CPU
		{21E9A801-5C09-4A14-8A23-535551BAFA99}.Release|Any CPU.ActiveCfg = Release|Any CPU
		{21E9A801-5C09-4A14-8A23-535551BAFA99}.Release|Any CPU.Build.0 = Release|Any CPU
		{90CE3EED-F7D3-4625-A81B-F79F53166EF6}.Debug|Any CPU.ActiveCfg = Debug|Any CPU
		{90CE3EED-F7D3-4625-A81B-F79F53166EF6}.Debug|Any CPU.Build.0 = Debug|Any CPU
		{90CE3EED-F7D3-4625-A81B-F79F53166EF6}.Release|Any CPU.ActiveCfg = Release|Any CPU
		{90CE3EED-F7D3-4625-A81B-F79F53166EF6}.Release|Any CPU.Build.0 = Release|Any CPU
		{87295AFE-1C14-4584-BA80-0470854A39F9}.Debug|Any CPU.ActiveCfg = Debug|Any CPU
		{87295AFE-1C14-4584-BA80-0470854A39F9}.Debug|Any CPU.Build.0 = Debug|Any CPU
		{87295AFE-1C14-4584-BA80-0470854A39F9}.Release|Any CPU.ActiveCfg = Release|Any CPU
		{87295AFE-1C14-4584-BA80-0470854A39F9}.Release|Any CPU.Build.0 = Release|Any CPU
		{8CE4660E-593F-4DA9-B073-FAD35AA66EE8}.Debug|Any CPU.ActiveCfg = Debug|Any CPU
		{8CE4660E-593F-4DA9-B073-FAD35AA66EE8}.Debug|Any CPU.Build.0 = Debug|Any CPU
		{8CE4660E-593F-4DA9-B073-FAD35AA66EE8}.Release|Any CPU.ActiveCfg = Release|Any CPU
		{8CE4660E-593F-4DA9-B073-FAD35AA66EE8}.Release|Any CPU.Build.0 = Release|Any CPU
		{F7280C41-CECE-4339-AAF6-E63FAA4275BB}.Debug|Any CPU.ActiveCfg = Debug|Any CPU
		{F7280C41-CECE-4339-AAF6-E63FAA4275BB}.Debug|Any CPU.Build.0 = Debug|Any CPU
		{F7280C41-CECE-4339-AAF6-E63FAA4275BB}.Release|Any CPU.ActiveCfg = Release|Any CPU
		{F7280C41-CECE-4339-AAF6-E63FAA4275BB}.Release|Any CPU.Build.0 = Release|Any CPU
		{61BF52E3-4F09-4790-8121-1D27A2826F98}.Debug|Any CPU.ActiveCfg = Debug|Any CPU
		{61BF52E3-4F09-4790-8121-1D27A2826F98}.Debug|Any CPU.Build.0 = Debug|Any CPU
		{61BF52E3-4F09-4790-8121-1D27A2826F98}.Release|Any CPU.ActiveCfg = Release|Any CPU
		{61BF52E3-4F09-4790-8121-1D27A2826F98}.Release|Any CPU.Build.0 = Release|Any CPU
		{7E3CBC88-4B53-4FEA-8D15-C539F49B6E87}.Debug|Any CPU.ActiveCfg = Debug|Any CPU
		{7E3CBC88-4B53-4FEA-8D15-C539F49B6E87}.Debug|Any CPU.Build.0 = Debug|Any CPU
		{7E3CBC88-4B53-4FEA-8D15-C539F49B6E87}.Release|Any CPU.ActiveCfg = Release|Any CPU
		{7E3CBC88-4B53-4FEA-8D15-C539F49B6E87}.Release|Any CPU.Build.0 = Release|Any CPU
		{A42A1F43-DCA0-4F76-9157-D47D250668F8}.Debug|Any CPU.ActiveCfg = Debug|Any CPU
		{A42A1F43-DCA0-4F76-9157-D47D250668F8}.Debug|Any CPU.Build.0 = Debug|Any CPU
		{A42A1F43-DCA0-4F76-9157-D47D250668F8}.Release|Any CPU.ActiveCfg = Release|Any CPU
		{A42A1F43-DCA0-4F76-9157-D47D250668F8}.Release|Any CPU.Build.0 = Release|Any CPU
		{F7B5C2F9-9E6D-41AA-B053-7D05B27AAEA7}.Debug|Any CPU.ActiveCfg = Debug|Any CPU
		{F7B5C2F9-9E6D-41AA-B053-7D05B27AAEA7}.Debug|Any CPU.Build.0 = Debug|Any CPU
		{F7B5C2F9-9E6D-41AA-B053-7D05B27AAEA7}.Release|Any CPU.ActiveCfg = Release|Any CPU
		{F7B5C2F9-9E6D-41AA-B053-7D05B27AAEA7}.Release|Any CPU.Build.0 = Release|Any CPU
		{B4338CE3-EB32-4944-B532-32301398B83C}.Debug|Any CPU.ActiveCfg = Debug|Any CPU
		{B4338CE3-EB32-4944-B532-32301398B83C}.Debug|Any CPU.Build.0 = Debug|Any CPU
		{B4338CE3-EB32-4944-B532-32301398B83C}.Release|Any CPU.ActiveCfg = Release|Any CPU
		{B4338CE3-EB32-4944-B532-32301398B83C}.Release|Any CPU.Build.0 = Release|Any CPU
		{03F98730-FCFF-4BCD-B2D5-53A6AB35CE25}.Debug|Any CPU.ActiveCfg = Debug|Any CPU
		{03F98730-FCFF-4BCD-B2D5-53A6AB35CE25}.Debug|Any CPU.Build.0 = Debug|Any CPU
		{03F98730-FCFF-4BCD-B2D5-53A6AB35CE25}.Release|Any CPU.ActiveCfg = Release|Any CPU
		{03F98730-FCFF-4BCD-B2D5-53A6AB35CE25}.Release|Any CPU.Build.0 = Release|Any CPU
		{94DC0EE9-12CE-4300-9BC7-46E41EED1C10}.Debug|Any CPU.ActiveCfg = Debug|Any CPU
		{94DC0EE9-12CE-4300-9BC7-46E41EED1C10}.Debug|Any CPU.Build.0 = Debug|Any CPU
		{94DC0EE9-12CE-4300-9BC7-46E41EED1C10}.Release|Any CPU.ActiveCfg = Release|Any CPU
		{94DC0EE9-12CE-4300-9BC7-46E41EED1C10}.Release|Any CPU.Build.0 = Release|Any CPU
		{4361D6EF-B53C-4990-9F91-1CB94D713E5D}.Debug|Any CPU.ActiveCfg = Debug|Any CPU
		{4361D6EF-B53C-4990-9F91-1CB94D713E5D}.Debug|Any CPU.Build.0 = Debug|Any CPU
		{4361D6EF-B53C-4990-9F91-1CB94D713E5D}.Release|Any CPU.ActiveCfg = Release|Any CPU
		{4361D6EF-B53C-4990-9F91-1CB94D713E5D}.Release|Any CPU.Build.0 = Release|Any CPU
		{1ED06DC9-5AB7-4E9C-9714-DC85D266EC51}.Debug|Any CPU.ActiveCfg = Debug|Any CPU
		{1ED06DC9-5AB7-4E9C-9714-DC85D266EC51}.Debug|Any CPU.Build.0 = Debug|Any CPU
		{1ED06DC9-5AB7-4E9C-9714-DC85D266EC51}.Release|Any CPU.ActiveCfg = Release|Any CPU
		{1ED06DC9-5AB7-4E9C-9714-DC85D266EC51}.Release|Any CPU.Build.0 = Release|Any CPU
		{37D9481B-DA58-49CB-87D5-256F6B4B9930}.Debug|Any CPU.ActiveCfg = Debug|Any CPU
		{37D9481B-DA58-49CB-87D5-256F6B4B9930}.Debug|Any CPU.Build.0 = Debug|Any CPU
		{37D9481B-DA58-49CB-87D5-256F6B4B9930}.Release|Any CPU.ActiveCfg = Release|Any CPU
		{37D9481B-DA58-49CB-87D5-256F6B4B9930}.Release|Any CPU.Build.0 = Release|Any CPU
		{6291B0ED-56C1-4E7C-A434-5DEA9F00385C}.Debug|Any CPU.ActiveCfg = Debug|Any CPU
		{6291B0ED-56C1-4E7C-A434-5DEA9F00385C}.Debug|Any CPU.Build.0 = Debug|Any CPU
		{6291B0ED-56C1-4E7C-A434-5DEA9F00385C}.Release|Any CPU.ActiveCfg = Release|Any CPU
		{6291B0ED-56C1-4E7C-A434-5DEA9F00385C}.Release|Any CPU.Build.0 = Release|Any CPU
		{C6721DD1-A500-4FA7-9E6E-ABE3174F36E8}.Debug|Any CPU.ActiveCfg = Debug|Any CPU
		{C6721DD1-A500-4FA7-9E6E-ABE3174F36E8}.Debug|Any CPU.Build.0 = Debug|Any CPU
		{C6721DD1-A500-4FA7-9E6E-ABE3174F36E8}.Release|Any CPU.ActiveCfg = Release|Any CPU
		{C6721DD1-A500-4FA7-9E6E-ABE3174F36E8}.Release|Any CPU.Build.0 = Release|Any CPU
		{67E1D6BC-C779-44C6-99F1-ACEFDB74E064}.Debug|Any CPU.ActiveCfg = Debug|Any CPU
		{67E1D6BC-C779-44C6-99F1-ACEFDB74E064}.Debug|Any CPU.Build.0 = Debug|Any CPU
		{67E1D6BC-C779-44C6-99F1-ACEFDB74E064}.Release|Any CPU.ActiveCfg = Release|Any CPU
		{67E1D6BC-C779-44C6-99F1-ACEFDB74E064}.Release|Any CPU.Build.0 = Release|Any CPU
		{7222DB7B-1B48-4119-9A1D-1EA1CF27A6B8}.Debug|Any CPU.ActiveCfg = Debug|Any CPU
		{7222DB7B-1B48-4119-9A1D-1EA1CF27A6B8}.Debug|Any CPU.Build.0 = Debug|Any CPU
		{7222DB7B-1B48-4119-9A1D-1EA1CF27A6B8}.Release|Any CPU.ActiveCfg = Release|Any CPU
		{7222DB7B-1B48-4119-9A1D-1EA1CF27A6B8}.Release|Any CPU.Build.0 = Release|Any CPU
		{06D9A52D-9F54-4808-BCBA-A6FBCBDEB331}.Debug|Any CPU.ActiveCfg = Debug|Any CPU
		{06D9A52D-9F54-4808-BCBA-A6FBCBDEB331}.Debug|Any CPU.Build.0 = Debug|Any CPU
		{06D9A52D-9F54-4808-BCBA-A6FBCBDEB331}.Release|Any CPU.ActiveCfg = Release|Any CPU
		{06D9A52D-9F54-4808-BCBA-A6FBCBDEB331}.Release|Any CPU.Build.0 = Release|Any CPU
		{5BC69052-F143-4B19-B08C-BF7131F18A04}.Debug|Any CPU.ActiveCfg = Debug|Any CPU
		{5BC69052-F143-4B19-B08C-BF7131F18A04}.Debug|Any CPU.Build.0 = Debug|Any CPU
		{5BC69052-F143-4B19-B08C-BF7131F18A04}.Release|Any CPU.ActiveCfg = Release|Any CPU
		{5BC69052-F143-4B19-B08C-BF7131F18A04}.Release|Any CPU.Build.0 = Release|Any CPU
	EndGlobalSection
	GlobalSection(SolutionProperties) = preSolution
		HideSolutionNode = FALSE
	EndGlobalSection
	GlobalSection(ExtensibilityGlobals) = postSolution
		SolutionGuid = {E6BD6E0A-F2F0-4561-BFF5-B5F557E61C80}
	EndGlobalSection
EndGlobal
